
Microsoft Visual Studio Solution File, Format Version 12.00
# Visual Studio Version 17
VisualStudioVersion = 17.9.34728.123
MinimumVisualStudioVersion = 10.0.40219.1
Project("{FAE04EC0-301F-11D3-BF4B-00C04F79EFBC}") = "formulario.Aluno2.0", "formulario.Aluno2.0\formulario.Aluno2.0.csproj", "{6F5ADB9E-D80E-4CA0-8DF6-CEC2EB158551}"
EndProject
Global
	GlobalSection(SolutionConfigurationPlatforms) = preSolution
		Debug|Any CPU = Debug|Any CPU
		Release|Any CPU = Release|Any CPU
	EndGlobalSection
	GlobalSection(ProjectConfigurationPlatforms) = postSolution
		{6F5ADB9E-D80E-4CA0-8DF6-CEC2EB158551}.Debug|Any CPU.ActiveCfg = Debug|Any CPU
		{6F5ADB9E-D80E-4CA0-8DF6-CEC2EB158551}.Debug|Any CPU.Build.0 = Debug|Any CPU
		{6F5ADB9E-D80E-4CA0-8DF6-CEC2EB158551}.Release|Any CPU.ActiveCfg = Release|Any CPU
		{6F5ADB9E-D80E-4CA0-8DF6-CEC2EB158551}.Release|Any CPU.Build.0 = Release|Any CPU
	EndGlobalSection
	GlobalSection(SolutionProperties) = preSolution
		HideSolutionNode = FALSE
	EndGlobalSection
	GlobalSection(ExtensibilityGlobals) = postSolution
		SolutionGuid = {C538A960-0FD9-4E15-9D97-05B21F6A5A06}
	EndGlobalSection
EndGlobal
